
Microsoft Visual Studio Solution File, Format Version 12.00
# Visual Studio 15
VisualStudioVersion = 15.0.27130.2036
MinimumVisualStudioVersion = 10.0.40219.1
Project("{8BC9CEB8-8B4A-11D0-8D11-00A0C91BC942}") = "KohonenNetworks", "KohonenNetworks\KohonenNetworks.vcxproj", "{47617429-656A-461F-A04B-B82884CA2DA0}"
EndProject
Global
	GlobalSection(SolutionConfigurationPlatforms) = preSolution
		Debug|x64 = Debug|x64
		Debug|x86 = Debug|x86
		Release|x64 = Release|x64
		Release|x86 = Release|x86
	EndGlobalSection
	GlobalSection(ProjectConfigurationPlatforms) = postSolution
		{47617429-656A-461F-A04B-B82884CA2DA0}.Debug|x64.ActiveCfg = Debug|x64
		{47617429-656A-461F-A04B-B82884CA2DA0}.Debug|x64.Build.0 = Debug|x64
		{47617429-656A-461F-A04B-B82884CA2DA0}.Debug|x86.ActiveCfg = Debug|Win32
		{47617429-656A-461F-A04B-B82884CA2DA0}.Debug|x86.Build.0 = Debug|Win32
		{47617429-656A-461F-A04B-B82884CA2DA0}.Release|x64.ActiveCfg = Release|x64
		{47617429-656A-461F-A04B-B82884CA2DA0}.Release|x64.Build.0 = Release|x64
		{47617429-656A-461F-A04B-B82884CA2DA0}.Release|x86.ActiveCfg = Release|Win32
		{47617429-656A-461F-A04B-B82884CA2DA0}.Release|x86.Build.0 = Release|Win32
	EndGlobalSection
	GlobalSection(SolutionProperties) = preSolution
		HideSolutionNode = FALSE
	EndGlobalSection
	GlobalSection(ExtensibilityGlobals) = postSolution
		SolutionGuid = {313ADFEE-D318-4AF4-A635-099845DBF4B2}
	EndGlobalSection
EndGlobal
